github.com/Raqbit/mc-pinger v0.2.4 h1:s1iR1qQ/tGSktwPAmn8Lj94pjvn9xreipA++60ksmnw=
github.com/Raqbit/mc-pinger v0.2.4/go.mod h1:AeR7Gd9CW5VbYA5xA9vy0pvbWLOFoV8p8HP5/zpFthQ=
github.com/pires/go-proxyproto v0.6.1 h1:EBupykFmo22SDjv4fQVQd2J9NOoLPmyZA/15ldOGkPw=
github.com/pires/go-proxyproto v0.6.1/go.mod h1:Odh9VFOZJCf9G8cLW5o435Xf1J95Jw9Gw5rnCjcwzAY=
